
Microsoft Visual Studio Solution File, Format Version 12.00
Project("{FAE04EC0-301F-11D3-BF4B-00C04F79EFBC}") = "NCode.PasswordGenerator", "NCode.PasswordGenerator\NCode.PasswordGenerator.csproj", "{39FE10B5-5FB3-4E37-9ED7-5155B1E1B582}"
EndProject
Project("{FAE04EC0-301F-11D3-BF4B-00C04F79EFBC}") = "NCode.PasswordGenerator.Tests", "NCode.PasswordGenerator.Tests\NCode.PasswordGenerator.Tests.csproj", "{4A0187BB-8083-464A-B3FB-F5CDF1423651}"
EndProject
Global
	GlobalSection(SolutionConfigurationPlatforms) = preSolution
		Debug|Any CPU = Debug|Any CPU
		Release|Any CPU = Release|Any CPU
	EndGlobalSection
	GlobalSection(ProjectConfigurationPlatforms) = postSolution
		{39FE10B5-5FB3-4E37-9ED7-5155B1E1B582}.Debug|Any CPU.ActiveCfg = Debug|Any CPU
		{39FE10B5-5FB3-4E37-9ED7-5155B1E1B582}.Debug|Any CPU.Build.0 = Debug|Any CPU
		{39FE10B5-5FB3-4E37-9ED7-5155B1E1B582}.Release|Any CPU.ActiveCfg = Release|Any CPU
		{39FE10B5-5FB3-4E37-9ED7-5155B1E1B582}.Release|Any CPU.Build.0 = Release|Any CPU
		{4A0187BB-8083-464A-B3FB-F5CDF1423651}.Debug|Any CPU.ActiveCfg = Debug|Any CPU
		{4A0187BB-8083-464A-B3FB-F5CDF1423651}.Debug|Any CPU.Build.0 = Debug|Any CPU
		{4A0187BB-8083-464A-B3FB-F5CDF1423651}.Release|Any CPU.ActiveCfg = Release|Any CPU
		{4A0187BB-8083-464A-B3FB-F5CDF1423651}.Release|Any CPU.Build.0 = Release|Any CPU
	EndGlobalSection
EndGlobal
